
Microsoft Visual Studio Solution File, Format Version 12.00
# Visual Studio Version 16
VisualStudioVersion = 16.0.31424.327
MinimumVisualStudioVersion = 10.0.40219.1
Project("{FAE04EC0-301F-11D3-BF4B-00C04F79EFBC}") = "EqCrm", "EqCrm.csproj", "{AD93C4A6-1A88-48AD-AE88-568829FCE105}"
EndProject
Global
	GlobalSection(SolutionConfigurationPlatforms) = preSolution
		Debug|Any CPU = Debug|Any CPU
		Release|Any CPU = Release|Any CPU
	EndGlobalSection
	GlobalSection(ProjectConfigurationPlatforms) = postSolution
		{AD93C4A6-1A88-48AD-AE88-568829FCE105}.Debug|Any CPU.ActiveCfg = Debug|Any CPU
		{AD93C4A6-1A88-48AD-AE88-568829FCE105}.Debug|Any CPU.Build.0 = Debug|Any CPU
		{AD93C4A6-1A88-48AD-AE88-568829FCE105}.Release|Any CPU.ActiveCfg = Release|Any CPU
		{AD93C4A6-1A88-48AD-AE88-568829FCE105}.Release|Any CPU.Build.0 = Release|Any CPU
	EndGlobalSection
	GlobalSection(SolutionProperties) = preSolution
		HideSolutionNode = FALSE
	EndGlobalSection
	GlobalSection(ExtensibilityGlobals) = postSolution
		SolutionGuid = {2139434C-3580-4090-B9B4-2F7797BBF233}
	EndGlobalSection
EndGlobal
